
Microsoft Visual Studio Solution File, Format Version 12.00
# Visual Studio Version 17
VisualStudioVersion = 17.2.32630.192
MinimumVisualStudioVersion = 10.0.40219.1
Project("{FAE04EC0-301F-11D3-BF4B-00C04F79EFBC}") = "api_temporary_reception", "api_temporary_reception.csproj", "{FA9861CB-4906-4D47-8B28-705E64711AC4}"
EndProject
Global
	GlobalSection(SolutionConfigurationPlatforms) = preSolution
		Debug|Any CPU = Debug|Any CPU
		Release|Any CPU = Release|Any CPU
	EndGlobalSection
	GlobalSection(ProjectConfigurationPlatforms) = postSolution
		{FA9861CB-4906-4D47-8B28-705E64711AC4}.Debug|Any CPU.ActiveCfg = Debug|Any CPU
		{FA9861CB-4906-4D47-8B28-705E64711AC4}.Debug|Any CPU.Build.0 = Debug|Any CPU
		{FA9861CB-4906-4D47-8B28-705E64711AC4}.Release|Any CPU.ActiveCfg = Release|Any CPU
		{FA9861CB-4906-4D47-8B28-705E64711AC4}.Release|Any CPU.Build.0 = Release|Any CPU
	EndGlobalSection
	GlobalSection(SolutionProperties) = preSolution
		HideSolutionNode = FALSE
	EndGlobalSection
	GlobalSection(ExtensibilityGlobals) = postSolution
		SolutionGuid = {C713F14A-4748-4078-AEF3-DF081EDCCA9E}
	EndGlobalSection
EndGlobal
